Microsoft Visual Studio Solution File, Format Version 12.00
# Visual Studio 2012
Project("{FAE04EC0-301F-11D3-BF4B-00C04F79EFBC}") = "Covenant", "Covenant.csproj", "{BBA81D15-24E7-4893-A554-6962B67D7E75}"
EndProject
Global
	GlobalSection(SolutionConfigurationPlatforms) = preSolution
	Debug|Any CPU = Debug|Any CPU
	ExportDebug|Any CPU = ExportDebug|Any CPU
	ExportRelease|Any CPU = ExportRelease|Any CPU
	EndGlobalSection
	GlobalSection(ProjectConfigurationPlatforms) = postSolution
		{BBA81D15-24E7-4893-A554-6962B67D7E75}.Debug|Any CPU.ActiveCfg = Debug|Any CPU
		{BBA81D15-24E7-4893-A554-6962B67D7E75}.Debug|Any CPU.Build.0 = Debug|Any CPU
		{BBA81D15-24E7-4893-A554-6962B67D7E75}.ExportDebug|Any CPU.ActiveCfg = ExportDebug|Any CPU
		{BBA81D15-24E7-4893-A554-6962B67D7E75}.ExportDebug|Any CPU.Build.0 = ExportDebug|Any CPU
		{BBA81D15-24E7-4893-A554-6962B67D7E75}.ExportRelease|Any CPU.ActiveCfg = ExportRelease|Any CPU
		{BBA81D15-24E7-4893-A554-6962B67D7E75}.ExportRelease|Any CPU.Build.0 = ExportRelease|Any CPU
	EndGlobalSection
EndGlobal
